{
  "name": "scss-framework",
  "version": "0.1.0",
  "lockfileVersion": 2,
  "requires": true,
  "packages": {
    "": {
      "name": "scss-framework",
      "version": "0.1.0",
      "license": "MIT",
      "devDependencies": {
        "breakpoint-sass": "^2.7.1",
        "modularscale-sass": "^3.0.10"
      }
    },
    "node_modules/breakpoint-sass": {
      "version": "2.7.1",
      "resolved": "https://registry.npmjs.org/breakpoint-sass/-/breakpoint-sass-2.7.1.tgz",
      "integrity": "sha1-jvbEdE3MJbqD2Wm2yaF+XaopmAo=",
      "dev": true
    },
    "node_modules/modularscale-sass": {
      "version": "3.0.10",
      "resolved": "https://registry.npmjs.org/modularscale-sass/-/modularscale-sass-3.0.10.tgz",
      "integrity": "sha512-ppbMfcXC+ESpqk1s8BfqsuY85DTAJdoPLxrYFohAUjg3r9eh2CBm2Wn7+JAh26DbRpAHynRt3a8ma2FOfk7JGA==",
      "dev": true
    }
  },
  "dependencies": {
    "breakpoint-sass": {
      "version": "2.7.1",
      "resolved": "https://registry.npmjs.org/breakpoint-sass/-/breakpoint-sass-2.7.1.tgz",
      "integrity": "sha1-jvbEdE3MJbqD2Wm2yaF+XaopmAo=",
      "dev": true
    },
    "modularscale-sass": {
      "version": "3.0.10",
      "resolved": "https://registry.npmjs.org/modularscale-sass/-/modularscale-sass-3.0.10.tgz",
      "integrity": "sha512-ppbMfcXC+ESpqk1s8BfqsuY85DTAJdoPLxrYFohAUjg3r9eh2CBm2Wn7+JAh26DbRpAHynRt3a8ma2FOfk7JGA==",
      "dev": true
    }
  }
}
